namespace TemperatureSensor
{
    internal class Program
    {

        public delegate void TemperatureHandler(object sender, EventArgs e);

        public static event TemperatureHandler HighTemperatureReached;

        public static event TemperatureHandler LowTemperatureReached;

        public static void Main(string[] args)
        {
            Random random = new Random();

            AlertSystem alert = new AlertSystem();

            HighTemperatureReached += alert.HighTemperatureAlert;

            LowTemperatureReached += alert.LowTemperatureAlert;

            int temperature = random.Next(20,100);

            if (temperature < 30)
            {
                LowTemperatureReached?.Invoke(alert, EventArgs(temperature);
            }


        }
    
    }

    internal class AlertSystem
    { 
        public static void HighTemperatureAlert(object sender, int temperature)
        {
            Console.WriteLine($"ALERTA: Temperatura alta detectada: {temperature}°C");
        }

        public static void LowTemperatureAlert(object sender, int temperature)
        {
            Console.WriteLine($"ADVERTENCIA: Temperatura baja detectada: {temperature}°C");
        }
    }
   
}

