
Microsoft Visual Studio Solution File, Format Version 12.00
# Visual Studio Version 17
VisualStudioVersion = 17.13.35919.96 d17.13
MinimumVisualStudioVersion = 10.0.40219.1
Project("{FAE04EC0-301F-11D3-BF4B-00C04F79EFBC}") = "Temperatures", "Temperatures\Temperatures.csproj", "{BBAD1B82-AAE6-49C1-832D-ECE88632929A}"
EndProject
Global
	GlobalSection(SolutionConfigurationPlatforms) = preSolution
		Debug|Any CPU = Debug|Any CPU
		Release|Any CPU = Release|Any CPU
	EndGlobalSection
	GlobalSection(ProjectConfigurationPlatforms) = postSolution
		{BBAD1B82-AAE6-49C1-832D-ECE88632929A}.Debug|Any CPU.ActiveCfg = Debug|Any CPU
		{BBAD1B82-AAE6-49C1-832D-ECE88632929A}.Debug|Any CPU.Build.0 = Debug|Any CPU
		{BBAD1B82-AAE6-49C1-832D-ECE88632929A}.Release|Any CPU.ActiveCfg = Release|Any CPU
		{BBAD1B82-AAE6-49C1-832D-ECE88632929A}.Release|Any CPU.Build.0 = Release|Any CPU
	EndGlobalSection
	GlobalSection(SolutionProperties) = preSolution
		HideSolutionNode = FALSE
	EndGlobalSection
	GlobalSection(ExtensibilityGlobals) = postSolution
		SolutionGuid = {6C0F7667-3759-48D5-B628-8F609A0C742B}
	EndGlobalSection
EndGlobal
